
Microsoft Visual Studio Solution File, Format Version 12.00
# Visual Studio 2012
Project("{FAE04EC0-301F-11D3-BF4B-00C04F79EFBC}") = "CRYENGINE_Importer_Hub", "CRYENGINE_Importer_Hub\CRYENGINE_Importer_Hub.csproj", "{D34D1EDF-7A5A-4303-AE00-B834475AEB2D}"
EndProject
Global
	GlobalSection(SolutionConfigurationPlatforms) = preSolution
		Debug|Any CPU = Debug|Any CPU
		Release|Any CPU = Release|Any CPU
	EndGlobalSection
	GlobalSection(ProjectConfigurationPlatforms) = postSolution
		{D34D1EDF-7A5A-4303-AE00-B834475AEB2D}.Debug|Any CPU.ActiveCfg = Debug|Any CPU
		{D34D1EDF-7A5A-4303-AE00-B834475AEB2D}.Debug|Any CPU.Build.0 = Debug|Any CPU
		{D34D1EDF-7A5A-4303-AE00-B834475AEB2D}.Release|Any CPU.ActiveCfg = Release|Any CPU
		{D34D1EDF-7A5A-4303-AE00-B834475AEB2D}.Release|Any CPU.Build.0 = Release|Any CPU
	EndGlobalSection
	GlobalSection(SolutionProperties) = preSolution
		HideSolutionNode = FALSE
	EndGlobalSection
EndGlobal
